
Microsoft Visual Studio Solution File, Format Version 12.00
# Visual Studio Version 17
VisualStudioVersion = 17.14.36414.22
MinimumVisualStudioVersion = 10.0.40219.1
Project("{FAE04EC0-301F-11D3-BF4B-00C04F79EFBC}") = "NewPOS_FrontEnd", "NewPOS_FrontEnd.csproj", "{33A7A421-BED4-4C0C-BF79-77D694AF6D92}"
EndProject
Project("{FAE04EC0-301F-11D3-BF4B-00C04F79EFBC}") = "NewPOS_BL", "..\NewPOSBL\NewPOS_BL.csproj", "{AEC23FBB-35AE-4D53-91FD-9FA790DB4F7D}"
EndProject
Project("{FAE04EC0-301F-11D3-BF4B-00C04F79EFBC}") = "NewPOS_DL", "..\NewPOS_DL\NewPOS_DL.csproj", "{B009DCFE-9735-4D19-8A99-BEBBDF6DF5DD}"
EndProject
Project("{FAE04EC0-301F-11D3-BF4B-00C04F79EFBC}") = "NewPOS_Models", "..\NewPOS_Models\NewPOS_Models.csproj", "{0789C901-736D-45E6-91A0-6122FB5EB8C7}"
EndProject
Project("{2150E333-8FDC-42A3-9474-1A3956D46DE8}") = "Solution Items", "Solution Items", "{8EC462FD-D22E-90A8-E5CE-7E832BA40C5D}"
EndProject
Global
	GlobalSection(SolutionConfigurationPlatforms) = preSolution
		Debug|Any CPU = Debug|Any CPU
		Release|Any CPU = Release|Any CPU
	EndGlobalSection
	GlobalSection(ProjectConfigurationPlatforms) = postSolution
		{33A7A421-BED4-4C0C-BF79-77D694AF6D92}.Debug|Any CPU.ActiveCfg = Debug|Any CPU
		{33A7A421-BED4-4C0C-BF79-77D694AF6D92}.Debug|Any CPU.Build.0 = Debug|Any CPU
		{33A7A421-BED4-4C0C-BF79-77D694AF6D92}.Release|Any CPU.ActiveCfg = Release|Any CPU
		{33A7A421-BED4-4C0C-BF79-77D694AF6D92}.Release|Any CPU.Build.0 = Release|Any CPU
		{AEC23FBB-35AE-4D53-91FD-9FA790DB4F7D}.Debug|Any CPU.ActiveCfg = Debug|Any CPU
		{AEC23FBB-35AE-4D53-91FD-9FA790DB4F7D}.Debug|Any CPU.Build.0 = Debug|Any CPU
		{AEC23FBB-35AE-4D53-91FD-9FA790DB4F7D}.Release|Any CPU.ActiveCfg = Release|Any CPU
		{AEC23FBB-35AE-4D53-91FD-9FA790DB4F7D}.Release|Any CPU.Build.0 = Release|Any CPU
		{B009DCFE-9735-4D19-8A99-BEBBDF6DF5DD}.Debug|Any CPU.ActiveCfg = Debug|Any CPU
		{B009DCFE-9735-4D19-8A99-BEBBDF6DF5DD}.Debug|Any CPU.Build.0 = Debug|Any CPU
		{B009DCFE-9735-4D19-8A99-BEBBDF6DF5DD}.Release|Any CPU.ActiveCfg = Release|Any CPU
		{B009DCFE-9735-4D19-8A99-BEBBDF6DF5DD}.Release|Any CPU.Build.0 = Release|Any CPU
		{0789C901-736D-45E6-91A0-6122FB5EB8C7}.Debug|Any CPU.ActiveCfg = Debug|Any CPU
		{0789C901-736D-45E6-91A0-6122FB5EB8C7}.Debug|Any CPU.Build.0 = Debug|Any CPU
		{0789C901-736D-45E6-91A0-6122FB5EB8C7}.Release|Any CPU.ActiveCfg = Release|Any CPU
		{0789C901-736D-45E6-91A0-6122FB5EB8C7}.Release|Any CPU.Build.0 = Release|Any CPU
	EndGlobalSection
	GlobalSection(SolutionProperties) = preSolution
		HideSolutionNode = FALSE
	EndGlobalSection
	GlobalSection(ExtensibilityGlobals) = postSolution
		SolutionGuid = {6F071976-436B-48A1-A0E8-F7BD1F96671F}
	EndGlobalSection
EndGlobal
